
Microsoft Visual Studio Solution File, Format Version 12.00
# Visual Studio Version 17
VisualStudioVersion = 17.5.33530.505
MinimumVisualStudioVersion = 10.0.40219.1
Project("{FAE04EC0-301F-11D3-BF4B-00C04F79EFBC}") = "WebsiteBanHang", "WebsiteBanHang\WebsiteBanHang.csproj", "{F87BB70D-BBD8-4AF9-93F3-4B9ED6CCFDC4}"
EndProject
Global
	GlobalSection(SolutionConfigurationPlatforms) = preSolution
		Debug|Any CPU = Debug|Any CPU
		Release|Any CPU = Release|Any CPU
	EndGlobalSection
	GlobalSection(ProjectConfigurationPlatforms) = postSolution
		{F87BB70D-BBD8-4AF9-93F3-4B9ED6CCFDC4}.Debug|Any CPU.ActiveCfg = Debug|Any CPU
		{F87BB70D-BBD8-4AF9-93F3-4B9ED6CCFDC4}.Debug|Any CPU.Build.0 = Debug|Any CPU
		{F87BB70D-BBD8-4AF9-93F3-4B9ED6CCFDC4}.Release|Any CPU.ActiveCfg = Release|Any CPU
		{F87BB70D-BBD8-4AF9-93F3-4B9ED6CCFDC4}.Release|Any CPU.Build.0 = Release|Any CPU
	EndGlobalSection
	GlobalSection(SolutionProperties) = preSolution
		HideSolutionNode = FALSE
	EndGlobalSection
	GlobalSection(ExtensibilityGlobals) = postSolution
		SolutionGuid = {364906F3-3A68-4BF5-8E45-E35FC58C0361}
	EndGlobalSection
EndGlobal
